
Microsoft Visual Studio Solution File, Format Version 12.00
# Visual Studio Version 16
VisualStudioVersion = 16.0.30114.105
MinimumVisualStudioVersion = 10.0.40219.1
Project("{9A19103F-16F7-4668-BE54-9A1E7A4F7556}") = "CustomerDataAPI", "CustomerDataAPI\CustomerDataAPI.csproj", "{397D15FC-1E95-46E5-A2FF-15577C85FC4D}"
EndProject
Project("{FAE04EC0-301F-11D3-BF4B-00C04F79EFBC}") = "Tests", "Tests\Tests.csproj", "{0D0979D6-9B49-47D2-B6D3-2CD3E70D974E}"
EndProject
Global
	GlobalSection(SolutionConfigurationPlatforms) = preSolution
		Debug|Any CPU = Debug|Any CPU
		Release|Any CPU = Release|Any CPU
	EndGlobalSection
	GlobalSection(ProjectConfigurationPlatforms) = postSolution
		{397D15FC-1E95-46E5-A2FF-15577C85FC4D}.Debug|Any CPU.ActiveCfg = Debug|Any CPU
		{397D15FC-1E95-46E5-A2FF-15577C85FC4D}.Debug|Any CPU.Build.0 = Debug|Any CPU
		{397D15FC-1E95-46E5-A2FF-15577C85FC4D}.Release|Any CPU.ActiveCfg = Release|Any CPU
		{397D15FC-1E95-46E5-A2FF-15577C85FC4D}.Release|Any CPU.Build.0 = Release|Any CPU
		{0D0979D6-9B49-47D2-B6D3-2CD3E70D974E}.Debug|Any CPU.ActiveCfg = Debug|Any CPU
		{0D0979D6-9B49-47D2-B6D3-2CD3E70D974E}.Debug|Any CPU.Build.0 = Debug|Any CPU
		{0D0979D6-9B49-47D2-B6D3-2CD3E70D974E}.Release|Any CPU.ActiveCfg = Release|Any CPU
		{0D0979D6-9B49-47D2-B6D3-2CD3E70D974E}.Release|Any CPU.Build.0 = Release|Any CPU
	EndGlobalSection
	GlobalSection(SolutionProperties) = preSolution
		HideSolutionNode = FALSE
	EndGlobalSection
	GlobalSection(ExtensibilityGlobals) = postSolution
		SolutionGuid = {4AD9E593-DB96-4076-AB15-3CF12D82CD39}
	EndGlobalSection
EndGlobal
